// !$*UTF8*$!
{
	archiveVersion = 1;
	classes = {
	};
	objectVersion = 77;
	objects = {

/* Begin PBXBuildFile section */
		1F5B56F72D5BA801002CCC4A /* SplashScreenKit in Frameworks */ = {isa = PBXBuildFile; productRef = 1F5B56F62D5BA801002CCC4A /* SplashScreenKit */; };
		1FA641932D3FF49500E79FC2 /* WidgetKit.framework in Frameworks */ = {isa = PBXBuildFile; fileRef = 1FA641922D3FF49500E79FC2 /* WidgetKit.framework */; };
		1FA641952D3FF49500E79FC2 /* SwiftUI.framework in Frameworks */ = {isa = PBXBuildFile; fileRef = 1FA641942D3FF49500E79FC2 /* SwiftUI.framework */; };
		1FA641A62D3FF49600E79FC2 /* TrendWidgetExtension.appex in Embed Foundation Extensions */ = {isa = PBXBuildFile; fileRef = 1FA641902D3FF49500E79FC2 /* TrendWidgetExtension.appex */; settings = {ATTRIBUTES = (RemoveHeadersOnCopy, ); }; };
		C75EEDB62D5CE0C70064F510 /* SwiftNEW in Frameworks */ = {isa = PBXBuildFile; productRef = C75EEDB52D5CE0C70064F510 /* SwiftNEW */; };
/* End PBXBuildFile section */

/* Begin PBXContainerItemProxy section */
		1FA641A42D3FF49600E79FC2 /* PBXContainerItemProxy */ = {
			isa = PBXContainerItemProxy;
			containerPortal = 1FD10C1C2CA85A6D00BEC985 /* Project object */;
			proxyType = 1;
			remoteGlobalIDString = 1FA6418F2D3FF49500E79FC2;
			remoteInfo = TrendWidgetExtension;
		};
/* End PBXContainerItemProxy section */

/* Begin PBXCopyFilesBuildPhase section */
		1FA641AB2D3FF49600E79FC2 /* Embed Foundation Extensions */ = {
			isa = PBXCopyFilesBuildPhase;
			buildActionMask = 2147483647;
			dstPath = "";
			dstSubfolderSpec = 13;
			files = (
				1FA641A62D3FF49600E79FC2 /* TrendWidgetExtension.appex in Embed Foundation Extensions */,
			);
			name = "Embed Foundation Extensions";
			runOnlyForDeploymentPostprocessing = 0;
		};
/* End PBXCopyFilesBuildPhase section */

/* Begin PBXFileReference section */
		1FA641902D3FF49500E79FC2 /* TrendWidgetExtension.appex */ = {isa = PBXFileReference; explicitFileType = "wrapper.app-extension"; includeInIndex = 0; path = TrendWidgetExtension.appex; sourceTree = BUILT_PRODUCTS_DIR; };
		1FA641922D3FF49500E79FC2 /* WidgetKit.framework */ = {isa = PBXFileReference; lastKnownFileType = wrapper.framework; name = WidgetKit.framework; path = System/Library/Frameworks/WidgetKit.framework; sourceTree = SDKROOT; };
		1FA641942D3FF49500E79FC2 /* SwiftUI.framework */ = {isa = PBXFileReference; lastKnownFileType = wrapper.framework; name = SwiftUI.framework; path = System/Library/Frameworks/SwiftUI.framework; sourceTree = SDKROOT; };
		1FD10C242CA85A6D00BEC985 /* TrendSwiftApp.app */ = {isa = PBXFileReference; explicitFileType = wrapper.application; includeInIndex = 0; path = TrendSwiftApp.app; sourceTree = BUILT_PRODUCTS_DIR; };
/* End PBXFileReference section */

/* Begin PBXFileSystemSynchronizedBuildFileExceptionSet section */
		1FA641A72D3FF49600E79FC2 /* Exceptions for "TrendWidget" folder in "TrendWidgetExtension" target */ = {
			isa = PBXFileSystemSynchronizedBuildFileExceptionSet;
			membershipExceptions = (
				Info.plist,
			);
			target = 1FA6418F2D3FF49500E79FC2 /* TrendWidgetExtension */;
		};
/* End PBXFileSystemSynchronizedBuildFileExceptionSet section */

/* Begin PBXFileSystemSynchronizedRootGroup section */
		1FA641962D3FF49500E79FC2 /* TrendWidget */ = {
			isa = PBXFileSystemSynchronizedRootGroup;
			exceptions = (
				1FA641A72D3FF49600E79FC2 /* Exceptions for "TrendWidget" folder in "TrendWidgetExtension" target */,
			);
			path = TrendWidget;
			sourceTree = "<group>";
		};
		1FD10C262CA85A6D00BEC985 /* TrendSwiftApp */ = {
			isa = PBXFileSystemSynchronizedRootGroup;
			path = TrendSwiftApp;
			sourceTree = "<group>";
		};
/* End PBXFileSystemSynchronizedRootGroup section */

/* Begin PBXFrameworksBuildPhase section */
		1FA6418D2D3FF49500E79FC2 /* Frameworks */ = {
			isa = PBXFrameworksBuildPhase;
			buildActionMask = 2147483647;
			files = (
				1FA641952D3FF49500E79FC2 /* SwiftUI.framework in Frameworks */,
				1FA641932D3FF49500E79FC2 /* WidgetKit.framework in Frameworks */,
			);
			runOnlyForDeploymentPostprocessing = 0;
		};
		1FD10C212CA85A6D00BEC985 /* Frameworks */ = {
			isa = PBXFrameworksBuildPhase;
			buildActionMask = 2147483647;
			files = (
				1F5B56F72D5BA801002CCC4A /* SplashScreenKit in Frameworks */,
				C75EEDB62D5CE0C70064F510 /* SwiftNEW in Frameworks */,
			);
			runOnlyForDeploymentPostprocessing = 0;
		};
/* End PBXFrameworksBuildPhase section */

/* Begin PBXGroup section */
		1FA641912D3FF49500E79FC2 /* Frameworks */ = {
			isa = PBXGroup;
			children = (
				1FA641922D3FF49500E79FC2 /* WidgetKit.framework */,
				1FA641942D3FF49500E79FC2 /* SwiftUI.framework */,
			);
			name = Frameworks;
			sourceTree = "<group>";
		};
		1FD10C1B2CA85A6D00BEC985 = {
			isa = PBXGroup;
			children = (
				1FD10C262CA85A6D00BEC985 /* TrendSwiftApp */,
				1FA641962D3FF49500E79FC2 /* TrendWidget */,
				1FA641912D3FF49500E79FC2 /* Frameworks */,
				1FD10C252CA85A6D00BEC985 /* Products */,
			);
			sourceTree = "<group>";
		};
		1FD10C252CA85A6D00BEC985 /* Products */ = {
			isa = PBXGroup;
			children = (
				1FD10C242CA85A6D00BEC985 /* TrendSwiftApp.app */,
				1FA641902D3FF49500E79FC2 /* TrendWidgetExtension.appex */,
			);
			name = Products;
			sourceTree = "<group>";
		};
/* End PBXGroup section */

/* Begin PBXNativeTarget section */
		1FA6418F2D3FF49500E79FC2 /* TrendWidgetExtension */ = {
			isa = PBXNativeTarget;
			buildConfigurationList = 1FA641A82D3FF49600E79FC2 /* Build configuration list for PBXNativeTarget "TrendWidgetExtension" */;
			buildPhases = (
				1FA6418C2D3FF49500E79FC2 /* Sources */,
				1FA6418D2D3FF49500E79FC2 /* Frameworks */,
				1FA6418E2D3FF49500E79FC2 /* Resources */,
			);
			buildRules = (
			);
			dependencies = (
			);
			fileSystemSynchronizedGroups = (
				1FA641962D3FF49500E79FC2 /* TrendWidget */,
			);
			name = TrendWidgetExtension;
			packageProductDependencies = (
			);
			productName = TrendWidgetExtension;
			productReference = 1FA641902D3FF49500E79FC2 /* TrendWidgetExtension.appex */;
			productType = "com.apple.product-type.app-extension";
		};
		1FD10C232CA85A6D00BEC985 /* TrendSwiftApp */ = {
			isa = PBXNativeTarget;
			buildConfigurationList = 1FD10C322CA85A6E00BEC985 /* Build configuration list for PBXNativeTarget "TrendSwiftApp" */;
			buildPhases = (
				1FD10C202CA85A6D00BEC985 /* Sources */,
				1FD10C212CA85A6D00BEC985 /* Frameworks */,
				1FD10C222CA85A6D00BEC985 /* Resources */,
				1FA641AB2D3FF49600E79FC2 /* Embed Foundation Extensions */,
			);
			buildRules = (
			);
			dependencies = (
				1FA641A52D3FF49600E79FC2 /* PBXTargetDependency */,
			);
			fileSystemSynchronizedGroups = (
				1FD10C262CA85A6D00BEC985 /* TrendSwiftApp */,
			);
			name = TrendSwiftApp;
			packageProductDependencies = (
				1F5B56F62D5BA801002CCC4A /* SplashScreenKit */,
				C75EEDB52D5CE0C70064F510 /* SwiftNEW */,
			);
			productName = TrendSwiftApp;
			productReference = 1FD10C242CA85A6D00BEC985 /* TrendSwiftApp.app */;
			productType = "com.apple.product-type.application";
		};
/* End PBXNativeTarget section */

/* Begin PBXProject section */
		1FD10C1C2CA85A6D00BEC985 /* Project object */ = {
			isa = PBXProject;
			attributes = {
				BuildIndependentTargetsInParallel = 1;
				LastSwiftUpdateCheck = 1620;
				LastUpgradeCheck = 1600;
				TargetAttributes = {
					1FA6418F2D3FF49500E79FC2 = {
						CreatedOnToolsVersion = 16.2;
					};
					1FD10C232CA85A6D00BEC985 = {
						CreatedOnToolsVersion = 16.0;
					};
				};
			};
			buildConfigurationList = 1FD10C1F2CA85A6D00BEC985 /* Build configuration list for PBXProject "TrendSwiftApp" */;
			developmentRegion = en;
			hasScannedForEncodings = 0;
			knownRegions = (
				en,
				Base,
			);
			mainGroup = 1FD10C1B2CA85A6D00BEC985;
			minimizedProjectReferenceProxies = 1;
			packageReferences = (
				1F5B56F52D5BA514002CCC4A /* XCRemoteSwiftPackageReference "19-Splash-Screen-for-SwiftUI" */,
				C75EEDB12D5CB3270064F510 /* XCRemoteSwiftPackageReference "SwiftNEWKit" */,
			);
			preferredProjectObjectVersion = 77;
			productRefGroup = 1FD10C252CA85A6D00BEC985 /* Products */;
			projectDirPath = "";
			projectRoot = "";
			targets = (
				1FD10C232CA85A6D00BEC985 /* TrendSwiftApp */,
				1FA6418F2D3FF49500E79FC2 /* TrendWidgetExtension */,
			);
		};
/* End PBXProject section */

/* Begin PBXResourcesBuildPhase section */
		1FA6418E2D3FF49500E79FC2 /* Resources */ = {
			isa = PBXResourcesBuildPhase;
			buildActionMask = 2147483647;
			files = (
			);
			runOnlyForDeploymentPostprocessing = 0;
		};
		1FD10C222CA85A6D00BEC985 /* Resources */ = {
			isa = PBXResourcesBuildPhase;
			buildActionMask = 2147483647;
			files = (
			);
			runOnlyForDeploymentPostprocessing = 0;
		};
/* End PBXResourcesBuildPhase section */

/* Begin PBXSourcesBuildPhase section */
		1FA6418C2D3FF49500E79FC2 /* Sources */ = {
			isa = PBXSourcesBuildPhase;
			buildActionMask = 2147483647;
			files = (
			);
			runOnlyForDeploymentPostprocessing = 0;
		};
		1FD10C202CA85A6D00BEC985 /* Sources */ = {
			isa = PBXSourcesBuildPhase;
			buildActionMask = 2147483647;
			files = (
			);
			runOnlyForDeploymentPostprocessing = 0;
		};
/* End PBXSourcesBuildPhase section */

/* Begin PBXTargetDependency section */
		1FA641A52D3FF49600E79FC2 /* PBXTargetDependency */ = {
			isa = PBXTargetDependency;
			target = 1FA6418F2D3FF49500E79FC2 /* TrendWidgetExtension */;
			targetProxy = 1FA641A42D3FF49600E79FC2 /* PBXContainerItemProxy */;
		};
/* End PBXTargetDependency section */

/* Begin XCBuildConfiguration section */
		1FA641A92D3FF49600E79FC2 /* Debug */ = {
			isa = XCBuildConfiguration;
			buildSettings = {
				ASSETCATALOG_COMPILER_GLOBAL_ACCENT_COLOR_NAME = AccentColor;
				ASSETCATALOG_COMPILER_WIDGET_BACKGROUND_COLOR_NAME = WidgetBackground;
				CODE_SIGN_STYLE = Automatic;
				CURRENT_PROJECT_VERSION = 1;
				GENERATE_INFOPLIST_FILE = YES;
				INFOPLIST_FILE = TrendWidget/Info.plist;
				INFOPLIST_KEY_CFBundleDisplayName = TrendWidget;
				INFOPLIST_KEY_NSHumanReadableCopyright = "";
				IPHONEOS_DEPLOYMENT_TARGET = 18.2;
				LD_RUNPATH_SEARCH_PATHS = (
					"$(inherited)",
					"@executable_path/Frameworks",
					"@executable_path/../../Frameworks",
				);
				MARKETING_VERSION = 1.0;
				PRODUCT_BUNDLE_IDENTIFIER = evanBuck.TrendSwiftApp.TrendWidget;
				PRODUCT_NAME = "$(TARGET_NAME)";
				SKIP_INSTALL = YES;
				SWIFT_EMIT_LOC_STRINGS = YES;
				SWIFT_VERSION = 5.0;
				TARGETED_DEVICE_FAMILY = "1,2";
			};
			name = Debug;
		};
		1FA641AA2D3FF49600E79FC2 /* Release */ = {
			isa = XCBuildConfiguration;
			buildSettings = {
				ASSETCATALOG_COMPILER_GLOBAL_ACCENT_COLOR_NAME = AccentColor;
				ASSETCATALOG_COMPILER_WIDGET_BACKGROUND_COLOR_NAME = WidgetBackground;
				CODE_SIGN_STYLE = Automatic;
				CURRENT_PROJECT_VERSION = 1;
				GENERATE_INFOPLIST_FILE = YES;
				INFOPLIST_FILE = TrendWidget/Info.plist;
				INFOPLIST_KEY_CFBundleDisplayName = TrendWidget;
				INFOPLIST_KEY_NSHumanReadableCopyright = "";
				IPHONEOS_DEPLOYMENT_TARGET = 18.2;
				LD_RUNPATH_SEARCH_PATHS = (
					"$(inherited)",
					"@executable_path/Frameworks",
					"@executable_path/../../Frameworks",
				);
				MARKETING_VERSION = 1.0;
				PRODUCT_BUNDLE_IDENTIFIER = evanBuck.TrendSwiftApp.TrendWidget;
				PRODUCT_NAME = "$(TARGET_NAME)";
				SKIP_INSTALL = YES;
				SWIFT_EMIT_LOC_STRINGS = YES;
				SWIFT_VERSION = 5.0;
				TARGETED_DEVICE_FAMILY = "1,2";
			};
			name = Release;
		};
		1FD10C302CA85A6E00BEC985 /* Debug */ = {
			isa = XCBuildConfiguration;
			buildSettings = {
				ALWAYS_SEARCH_USER_PATHS = NO;
				ASSETCATALOG_COMPILER_GENERATE_SWIFT_ASSET_SYMBOL_EXTENSIONS = YES;
				CLANG_ANALYZER_NONNULL = YES;
				CLANG_ANALYZER_NUMBER_OBJECT_CONVERSION = YES_AGGRESSIVE;
				CLANG_CXX_LANGUAGE_STANDARD = "gnu++20";
				CLANG_ENABLE_MODULES = YES;
				CLANG_ENABLE_OBJC_ARC = YES;
				CLANG_ENABLE_OBJC_WEAK = YES;
				CLANG_WARN_BLOCK_CAPTURE_AUTORELEASING = YES;
				CLANG_WARN_BOOL_CONVERSION = YES;
				CLANG_WARN_COMMA = YES;
				CLANG_WARN_CONSTANT_CONVERSION = YES;
				CLANG_WARN_DEPRECATED_OBJC_IMPLEMENTATIONS = YES;
				CLANG_WARN_DIRECT_OBJC_ISA_USAGE = YES_ERROR;
				CLANG_WARN_DOCUMENTATION_COMMENTS = YES;
				CLANG_WARN_EMPTY_BODY = YES;
				CLANG_WARN_ENUM_CONVERSION = YES;
				CLANG_WARN_INFINITE_RECURSION = YES;
				CLANG_WARN_INT_CONVERSION = YES;
				CLANG_WARN_NON_LITERAL_NULL_CONVERSION = YES;
				CLANG_WARN_OBJC_IMPLICIT_RETAIN_SELF = YES;
				CLANG_WARN_OBJC_LITERAL_CONVERSION = YES;
				CLANG_WARN_OBJC_ROOT_CLASS = YES_ERROR;
				CLANG_WARN_QUOTED_INCLUDE_IN_FRAMEWORK_HEADER = YES;
				CLANG_WARN_RANGE_LOOP_ANALYSIS = YES;
				CLANG_WARN_STRICT_PROTOTYPES = YES;
				CLANG_WARN_SUSPICIOUS_MOVE = YES;
				CLANG_WARN_UNGUARDED_AVAILABILITY = YES_AGGRESSIVE;
				CLANG_WARN_UNREACHABLE_CODE = YES;
				CLANG_WARN__DUPLICATE_METHOD_MATCH = YES;
				COPY_PHASE_STRIP = NO;
				DEBUG_INFORMATION_FORMAT = dwarf;
				ENABLE_STRICT_OBJC_MSGSEND = YES;
				ENABLE_TESTABILITY = YES;
				ENABLE_USER_SCRIPT_SANDBOXING = YES;
				GCC_C_LANGUAGE_STANDARD = gnu17;
				GCC_DYNAMIC_NO_PIC = NO;
				GCC_NO_COMMON_BLOCKS = YES;
				GCC_OPTIMIZATION_LEVEL = 0;
				GCC_PREPROCESSOR_DEFINITIONS = (
					"DEBUG=1",
					"$(inherited)",
				);
				GCC_WARN_64_TO_32_BIT_CONVERSION = YES;
				GCC_WARN_ABOUT_RETURN_TYPE = YES_ERROR;
				GCC_WARN_UNDECLARED_SELECTOR = YES;
				GCC_WARN_UNINITIALIZED_AUTOS = YES_AGGRESSIVE;
				GCC_WARN_UNUSED_FUNCTION = YES;
				GCC_WARN_UNUSED_VARIABLE = YES;
				IPHONEOS_DEPLOYMENT_TARGET = 18.0;
				LOCALIZATION_PREFERS_STRING_CATALOGS = YES;
				MTL_ENABLE_DEBUG_INFO = INCLUDE_SOURCE;
				MTL_FAST_MATH = YES;
				ONLY_ACTIVE_ARCH = YES;
				SDKROOT = iphoneos;
				SWIFT_ACTIVE_COMPILATION_CONDITIONS = "DEBUG $(inherited)";
				SWIFT_OPTIMIZATION_LEVEL = "-Onone";
			};
			name = Debug;
		};
		1FD10C312CA85A6E00BEC985 /* Release */ = {
			isa = XCBuildConfiguration;
			buildSettings = {
				ALWAYS_SEARCH_USER_PATHS = NO;
				ASSETCATALOG_COMPILER_GENERATE_SWIFT_ASSET_SYMBOL_EXTENSIONS = YES;
				CLANG_ANALYZER_NONNULL = YES;
				CLANG_ANALYZER_NUMBER_OBJECT_CONVERSION = YES_AGGRESSIVE;
				CLANG_CXX_LANGUAGE_STANDARD = "gnu++20";
				CLANG_ENABLE_MODULES = YES;
				CLANG_ENABLE_OBJC_ARC = YES;
				CLANG_ENABLE_OBJC_WEAK = YES;
				CLANG_WARN_BLOCK_CAPTURE_AUTORELEASING = YES;
				CLANG_WARN_BOOL_CONVERSION = YES;
				CLANG_WARN_COMMA = YES;
				CLANG_WARN_CONSTANT_CONVERSION = YES;
				CLANG_WARN_DEPRECATED_OBJC_IMPLEMENTATIONS = YES;
				CLANG_WARN_DIRECT_OBJC_ISA_USAGE = YES_ERROR;
				CLANG_WARN_DOCUMENTATION_COMMENTS = YES;
				CLANG_WARN_EMPTY_BODY = YES;
				CLANG_WARN_ENUM_CONVERSION = YES;
				CLANG_WARN_INFINITE_RECURSION = YES;
				CLANG_WARN_INT_CONVERSION = YES;
				CLANG_WARN_NON_LITERAL_NULL_CONVERSION = YES;
				CLANG_WARN_OBJC_IMPLICIT_RETAIN_SELF = YES;
				CLANG_WARN_OBJC_LITERAL_CONVERSION = YES;
				CLANG_WARN_OBJC_ROOT_CLASS = YES_ERROR;
				CLANG_WARN_QUOTED_INCLUDE_IN_FRAMEWORK_HEADER = YES;
				CLANG_WARN_RANGE_LOOP_ANALYSIS = YES;
				CLANG_WARN_STRICT_PROTOTYPES = YES;
				CLANG_WARN_SUSPICIOUS_MOVE = YES;
				CLANG_WARN_UNGUARDED_AVAILABILITY = YES_AGGRESSIVE;
				CLANG_WARN_UNREACHABLE_CODE = YES;
				CLANG_WARN__DUPLICATE_METHOD_MATCH = YES;
				COPY_PHASE_STRIP = NO;
				DEBUG_INFORMATION_FORMAT = "dwarf-with-dsym";
				ENABLE_NS_ASSERTIONS = NO;
				ENABLE_STRICT_OBJC_MSGSEND = YES;
				ENABLE_USER_SCRIPT_SANDBOXING = YES;
				GCC_C_LANGUAGE_STANDARD = gnu17;
				GCC_NO_COMMON_BLOCKS = YES;
				GCC_WARN_64_TO_32_BIT_CONVERSION = YES;
				GCC_WARN_ABOUT_RETURN_TYPE = YES_ERROR;
				GCC_WARN_UNDECLARED_SELECTOR = YES;
				GCC_WARN_UNINITIALIZED_AUTOS = YES_AGGRESSIVE;
				GCC_WARN_UNUSED_FUNCTION = YES;
				GCC_WARN_UNUSED_VARIABLE = YES;
				IPHONEOS_DEPLOYMENT_TARGET = 18.0;
				LOCALIZATION_PREFERS_STRING_CATALOGS = YES;
				MTL_ENABLE_DEBUG_INFO = NO;
				MTL_FAST_MATH = YES;
				SDKROOT = iphoneos;
				SWIFT_COMPILATION_MODE = wholemodule;
				VALIDATE_PRODUCT = YES;
			};
			name = Release;
		};
		1FD10C332CA85A6E00BEC985 /* Debug */ = {
			isa = XCBuildConfiguration;
			buildSettings = {
				ASSETCATALOG_COMPILER_APPICON_NAME = AppIcon;
				ASSETCATALOG_COMPILER_GLOBAL_ACCENT_COLOR_NAME = AccentColor;
				CODE_SIGN_STYLE = Automatic;
				CURRENT_PROJECT_VERSION = 1;
				DEVELOPMENT_ASSET_PATHS = "\"TrendSwiftApp/Preview Content\"";
				ENABLE_PREVIEWS = YES;
				GENERATE_INFOPLIST_FILE = YES;
				INFOPLIST_KEY_UIApplicationSceneManifest_Generation = YES;
				INFOPLIST_KEY_UIApplicationSupportsIndirectInputEvents = YES;
				INFOPLIST_KEY_UILaunchScreen_Generation = YES;
				INFOPLIST_KEY_UISupportedInterfaceOrientations_iPad = "UIInterfaceOrientationPortrait UIInterfaceOrientationPortraitUpsideDown UIInterfaceOrientationLandscapeLeft UIInterfaceOrientationLandscapeRight";
				INFOPLIST_KEY_UISupportedInterfaceOrientations_iPhone = "UIInterfaceOrientationPortrait UIInterfaceOrientationLandscapeLeft UIInterfaceOrientationLandscapeRight";
				LD_RUNPATH_SEARCH_PATHS = (
					"$(inherited)",
					"@executable_path/Frameworks",
				);
				MARKETING_VERSION = 1.0;
				PRODUCT_BUNDLE_IDENTIFIER = evanBuck.TrendSwiftApp;
				PRODUCT_NAME = "$(TARGET_NAME)";
				SWIFT_EMIT_LOC_STRINGS = YES;
				SWIFT_VERSION = 5.0;
				TARGETED_DEVICE_FAMILY = "1,2";
			};
			name = Debug;
		};
		1FD10C342CA85A6E00BEC985 /* Release */ = {
			isa = XCBuildConfiguration;
			buildSettings = {
				ASSETCATALOG_COMPILER_APPICON_NAME = AppIcon;
				ASSETCATALOG_COMPILER_GLOBAL_ACCENT_COLOR_NAME = AccentColor;
				CODE_SIGN_STYLE = Automatic;
				CURRENT_PROJECT_VERSION = 1;
				DEVELOPMENT_ASSET_PATHS = "\"TrendSwiftApp/Preview Content\"";
				ENABLE_PREVIEWS = YES;
				GENERATE_INFOPLIST_FILE = YES;
				INFOPLIST_KEY_UIApplicationSceneManifest_Generation = YES;
				INFOPLIST_KEY_UIApplicationSupportsIndirectInputEvents = YES;
				INFOPLIST_KEY_UILaunchScreen_Generation = YES;
				INFOPLIST_KEY_UISupportedInterfaceOrientations_iPad = "UIInterfaceOrientationPortrait UIInterfaceOrientationPortraitUpsideDown UIInterfaceOrientationLandscapeLeft UIInterfaceOrientationLandscapeRight";
				INFOPLIST_KEY_UISupportedInterfaceOrientations_iPhone = "UIInterfaceOrientationPortrait UIInterfaceOrientationLandscapeLeft UIInterfaceOrientationLandscapeRight";
				LD_RUNPATH_SEARCH_PATHS = (
					"$(inherited)",
					"@executable_path/Frameworks",
				);
				MARKETING_VERSION = 1.0;
				PRODUCT_BUNDLE_IDENTIFIER = evanBuck.TrendSwiftApp;
				PRODUCT_NAME = "$(TARGET_NAME)";
				SWIFT_EMIT_LOC_STRINGS = YES;
				SWIFT_VERSION = 5.0;
				TARGETED_DEVICE_FAMILY = "1,2";
			};
			name = Release;
		};
/* End XCBuildConfiguration section */

/* Begin XCConfigurationList section */
		1FA641A82D3FF49600E79FC2 /* Build configuration list for PBXNativeTarget "TrendWidgetExtension" */ = {
			isa = XCConfigurationList;
			buildConfigurations = (
				1FA641A92D3FF49600E79FC2 /* Debug */,
				1FA641AA2D3FF49600E79FC2 /* Release */,
			);
			defaultConfigurationIsVisible = 0;
			defaultConfigurationName = Release;
		};
		1FD10C1F2CA85A6D00BEC985 /* Build configuration list for PBXProject "TrendSwiftApp" */ = {
			isa = XCConfigurationList;
			buildConfigurations = (
				1FD10C302CA85A6E00BEC985 /* Debug */,
				1FD10C312CA85A6E00BEC985 /* Release */,
			);
			defaultConfigurationIsVisible = 0;
			defaultConfigurationName = Release;
		};
		1FD10C322CA85A6E00BEC985 /* Build configuration list for PBXNativeTarget "TrendSwiftApp" */ = {
			isa = XCConfigurationList;
			buildConfigurations = (
				1FD10C332CA85A6E00BEC985 /* Debug */,
				1FD10C342CA85A6E00BEC985 /* Release */,
			);
			defaultConfigurationIsVisible = 0;
			defaultConfigurationName = Release;
		};
/* End XCConfigurationList section */

/* Begin XCRemoteSwiftPackageReference section */
		1F5B56F52D5BA514002CCC4A /* XCRemoteSwiftPackageReference "19-Splash-Screen-for-SwiftUI" */ = {
			isa = XCRemoteSwiftPackageReference;
			repositoryURL = "https://github.com/1998code/19-Splash-Screen-for-SwiftUI";
			requirement = {
				kind = upToNextMajorVersion;
				minimumVersion = 1.1.0;
			};
		};
		C75EEDB12D5CB3270064F510 /* XCRemoteSwiftPackageReference "SwiftNEWKit" */ = {
			isa = XCRemoteSwiftPackageReference;
			repositoryURL = "https://github.com/1998code/SwiftNEWKit?tab=readme-ov-file";
			requirement = {
				kind = upToNextMajorVersion;
				minimumVersion = 5.8.0;
			};
		};
/* End XCRemoteSwiftPackageReference section */

/* Begin XCSwiftPackageProductDependency section */
		1F5B56F62D5BA801002CCC4A /* SplashScreenKit */ = {
			isa = XCSwiftPackageProductDependency;
			package = 1F5B56F52D5BA514002CCC4A /* XCRemoteSwiftPackageReference "19-Splash-Screen-for-SwiftUI" */;
			productName = SplashScreenKit;
		};
		C75EEDB52D5CE0C70064F510 /* SwiftNEW */ = {
			isa = XCSwiftPackageProductDependency;
			package = C75EEDB12D5CB3270064F510 /* XCRemoteSwiftPackageReference "SwiftNEWKit" */;
			productName = SwiftNEW;
		};
/* End XCSwiftPackageProductDependency section */
	};
	rootObject = 1FD10C1C2CA85A6D00BEC985 /* Project object */;
}
